
Microsoft Visual Studio Solution File, Format Version 12.00
# Visual Studio Version 17
VisualStudioVersion = 17.6.33815.320
MinimumVisualStudioVersion = 10.0.40219.1
Project("{FAE04EC0-301F-11D3-BF4B-00C04F79EFBC}") = "Polimorfism", "Polimorfism\Polimorfism.csproj", "{98130FD6-1070-4BF6-A7C2-807EA3DC5D97}"
EndProject
Global
	GlobalSection(SolutionConfigurationPlatforms) = preSolution
		Debug|Any CPU = Debug|Any CPU
		Release|Any CPU = Release|Any CPU
	EndGlobalSection
	GlobalSection(ProjectConfigurationPlatforms) = postSolution
		{98130FD6-1070-4BF6-A7C2-807EA3DC5D97}.Debug|Any CPU.ActiveCfg = Debug|Any CPU
		{98130FD6-1070-4BF6-A7C2-807EA3DC5D97}.Debug|Any CPU.Build.0 = Debug|Any CPU
		{98130FD6-1070-4BF6-A7C2-807EA3DC5D97}.Release|Any CPU.ActiveCfg = Release|Any CPU
		{98130FD6-1070-4BF6-A7C2-807EA3DC5D97}.Release|Any CPU.Build.0 = Release|Any CPU
	EndGlobalSection
	GlobalSection(SolutionProperties) = preSolution
		HideSolutionNode = FALSE
	EndGlobalSection
	GlobalSection(ExtensibilityGlobals) = postSolution
		SolutionGuid = {75404575-FF52-478D-837B-08D9D8157643}
	EndGlobalSection
EndGlobal
