
Microsoft Visual Studio Solution File, Format Version 12.00
# Visual Studio Version 17
VisualStudioVersion = 17.6.33815.320
MinimumVisualStudioVersion = 10.0.40219.1
Project("{FAE04EC0-301F-11D3-BF4B-00C04F79EFBC}") = "BankAccount", "BankAccount\BankAccount.csproj", "{F27E5596-EE1E-448A-A4FB-DB7BBC2DAB8B}"
EndProject
Global
	GlobalSection(SolutionConfigurationPlatforms) = preSolution
		Debug|Any CPU = Debug|Any CPU
		Release|Any CPU = Release|Any CPU
	EndGlobalSection
	GlobalSection(ProjectConfigurationPlatforms) = postSolution
		{F27E5596-EE1E-448A-A4FB-DB7BBC2DAB8B}.Debug|Any CPU.ActiveCfg = Debug|Any CPU
		{F27E5596-EE1E-448A-A4FB-DB7BBC2DAB8B}.Debug|Any CPU.Build.0 = Debug|Any CPU
		{F27E5596-EE1E-448A-A4FB-DB7BBC2DAB8B}.Release|Any CPU.ActiveCfg = Release|Any CPU
		{F27E5596-EE1E-448A-A4FB-DB7BBC2DAB8B}.Release|Any CPU.Build.0 = Release|Any CPU
	EndGlobalSection
	GlobalSection(SolutionProperties) = preSolution
		HideSolutionNode = FALSE
	EndGlobalSection
	GlobalSection(ExtensibilityGlobals) = postSolution
		SolutionGuid = {94A86A07-50BC-495E-9BDF-38BA2559E259}
	EndGlobalSection
EndGlobal
