
Microsoft Visual Studio Solution File, Format Version 12.00
# Visual Studio Version 17
VisualStudioVersion = 17.6.33815.320
MinimumVisualStudioVersion = 10.0.40219.1
Project("{FAE04EC0-301F-11D3-BF4B-00C04F79EFBC}") = "Logger", "Logger\Logger.csproj", "{C4D0964F-7035-4259-9E19-572D9AFFE6CD}"
EndProject
Global
	GlobalSection(SolutionConfigurationPlatforms) = preSolution
		Debug|Any CPU = Debug|Any CPU
		Release|Any CPU = Release|Any CPU
	EndGlobalSection
	GlobalSection(ProjectConfigurationPlatforms) = postSolution
		{C4D0964F-7035-4259-9E19-572D9AFFE6CD}.Debug|Any CPU.ActiveCfg = Debug|Any CPU
		{C4D0964F-7035-4259-9E19-572D9AFFE6CD}.Debug|Any CPU.Build.0 = Debug|Any CPU
		{C4D0964F-7035-4259-9E19-572D9AFFE6CD}.Release|Any CPU.ActiveCfg = Release|Any CPU
		{C4D0964F-7035-4259-9E19-572D9AFFE6CD}.Release|Any CPU.Build.0 = Release|Any CPU
	EndGlobalSection
	GlobalSection(SolutionProperties) = preSolution
		HideSolutionNode = FALSE
	EndGlobalSection
	GlobalSection(ExtensibilityGlobals) = postSolution
		SolutionGuid = {2D8CE17B-F393-4921-AF79-96B46AD20BF6}
	EndGlobalSection
EndGlobal
